
Microsoft Visual Studio Solution File, Format Version 12.00
# Visual Studio Version 17
VisualStudioVersion = 17.9.34728.123
MinimumVisualStudioVersion = 10.0.40219.1
Project("{FAE04EC0-301F-11D3-BF4B-00C04F79EFBC}") = "MusicPlayer", "MusicPlayer\MusicPlayer.csproj", "{52732621-5FE2-454C-8669-26D68198A026}"
EndProject
Global
	GlobalSection(SolutionConfigurationPlatforms) = preSolution
		Debug|Any CPU = Debug|Any CPU
		Release|Any CPU = Release|Any CPU
	EndGlobalSection
	GlobalSection(ProjectConfigurationPlatforms) = postSolution
		{52732621-5FE2-454C-8669-26D68198A026}.Debug|Any CPU.ActiveCfg = Debug|Any CPU
		{52732621-5FE2-454C-8669-26D68198A026}.Debug|Any CPU.Build.0 = Debug|Any CPU
		{52732621-5FE2-454C-8669-26D68198A026}.Release|Any CPU.ActiveCfg = Release|Any CPU
		{52732621-5FE2-454C-8669-26D68198A026}.Release|Any CPU.Build.0 = Release|Any CPU
	EndGlobalSection
	GlobalSection(SolutionProperties) = preSolution
		HideSolutionNode = FALSE
	EndGlobalSection
	GlobalSection(ExtensibilityGlobals) = postSolution
		SolutionGuid = {19D0DD86-7F28-475A-988B-19A1CD85954E}
	EndGlobalSection
EndGlobal
